
Microsoft Visual Studio Solution File, Format Version 12.00
Project("{2150E333-8FDC-42A3-9474-1A3956D46DE8}") = "Web", "Web", "{8435A894-6E94-4843-B791-28616B65025C}"
EndProject
Project("{FAE04EC0-301F-11D3-BF4B-00C04F79EFBC}") = "Sol.Api", "Sol.Api\Sol.Api.csproj", "{0C532E17-02B9-4DB9-B0DB-DB87D25D2005}"
EndProject
Project("{2150E333-8FDC-42A3-9474-1A3956D46DE8}") = "Infrastructure ", "Infrastructure ", "{E8D58BFB-A380-4872-84E7-B6CCC6672C3D}"
EndProject
Project("{FAE04EC0-301F-11D3-BF4B-00C04F79EFBC}") = "Sol.Domain", "Sol.Domain\Sol.Domain.csproj", "{820C4755-DDA3-450B-9734-FD8549AF63D8}"
EndProject
Project("{2150E333-8FDC-42A3-9474-1A3956D46DE8}") = "Lab", "Lab", "{91F8C321-2ED3-408A-B86F-F21978A8F584}"
EndProject
Project("{FAE04EC0-301F-11D3-BF4B-00C04F79EFBC}") = "Sol.Tests", "Sol.Tests\Sol.Tests.csproj", "{5A0323CD-B89E-4493-B3D1-65D26115B7E8}"
EndProject
Global
	GlobalSection(SolutionConfigurationPlatforms) = preSolution
		Debug|Any CPU = Debug|Any CPU
		Release|Any CPU = Release|Any CPU
	EndGlobalSection
	GlobalSection(NestedProjects) = preSolution
		{0C532E17-02B9-4DB9-B0DB-DB87D25D2005} = {8435A894-6E94-4843-B791-28616B65025C}
		{820C4755-DDA3-450B-9734-FD8549AF63D8} = {E8D58BFB-A380-4872-84E7-B6CCC6672C3D}
		{5A0323CD-B89E-4493-B3D1-65D26115B7E8} = {91F8C321-2ED3-408A-B86F-F21978A8F584}
	EndGlobalSection
	GlobalSection(ProjectConfigurationPlatforms) = postSolution
		{0C532E17-02B9-4DB9-B0DB-DB87D25D2005}.Debug|Any CPU.ActiveCfg = Debug|Any CPU
		{0C532E17-02B9-4DB9-B0DB-DB87D25D2005}.Debug|Any CPU.Build.0 = Debug|Any CPU
		{0C532E17-02B9-4DB9-B0DB-DB87D25D2005}.Release|Any CPU.ActiveCfg = Release|Any CPU
		{0C532E17-02B9-4DB9-B0DB-DB87D25D2005}.Release|Any CPU.Build.0 = Release|Any CPU
		{820C4755-DDA3-450B-9734-FD8549AF63D8}.Debug|Any CPU.ActiveCfg = Debug|Any CPU
		{820C4755-DDA3-450B-9734-FD8549AF63D8}.Debug|Any CPU.Build.0 = Debug|Any CPU
		{820C4755-DDA3-450B-9734-FD8549AF63D8}.Release|Any CPU.ActiveCfg = Release|Any CPU
		{820C4755-DDA3-450B-9734-FD8549AF63D8}.Release|Any CPU.Build.0 = Release|Any CPU
		{5A0323CD-B89E-4493-B3D1-65D26115B7E8}.Debug|Any CPU.ActiveCfg = Debug|Any CPU
		{5A0323CD-B89E-4493-B3D1-65D26115B7E8}.Debug|Any CPU.Build.0 = Debug|Any CPU
		{5A0323CD-B89E-4493-B3D1-65D26115B7E8}.Release|Any CPU.ActiveCfg = Release|Any CPU
		{5A0323CD-B89E-4493-B3D1-65D26115B7E8}.Release|Any CPU.Build.0 = Release|Any CPU
	EndGlobalSection
EndGlobal
